// !$*UTF8*$!
{
	archiveVersion = 1;
	classes = {
	};
	objectVersion = 50;
	objects = {

/* Begin PBXBuildFile section */
		FFC00AB124DA9661007A6D49 /* AppDelegate.swift in Sources */ = {isa = PBXBuildFile; fileRef = FFC00AB024DA9661007A6D49 /* AppDelegate.swift */; };
		FFC00AB324DA9661007A6D49 /* SceneDelegate.swift in Sources */ = {isa = PBXBuildFile; fileRef = FFC00AB224DA9661007A6D49 /* SceneDelegate.swift */; };
		FFC00AB524DA9661007A6D49 /* ContentView.swift in Sources */ = {isa = PBXBuildFile; fileRef = FFC00AB424DA9661007A6D49 /* ContentView.swift */; };
		FFC00AB724DA9661007A6D49 /* Assets.xcassets in Resources */ = {isa = PBXBuildFile; fileRef = FFC00AB624DA9661007A6D49 /* Assets.xcassets */; };
		FFC00ABA24DA9661007A6D49 /* Preview Assets.xcassets in Resources */ = {isa = PBXBuildFile; fileRef = FFC00AB924DA9661007A6D49 /* Preview Assets.xcassets */; };
		FFC00ABD24DA9661007A6D49 /* LaunchScreen.storyboard in Resources */ = {isa = PBXBuildFile; fileRef = FFC00ABB24DA9661007A6D49 /* LaunchScreen.storyboard */; };
		FFC00AC724DA96E0007A6D49 /* CheckBoxView.swift in Sources */ = {isa = PBXBuildFile; fileRef = FFC00AC624DA96E0007A6D49 /* CheckBoxView.swift */; };
/* End PBXBuildFile section */

/* Begin PBXFileReference section */
		FFC00AAD24DA9661007A6D49 /* AnimateCheckbox.app */ = {isa = PBXFileReference; explicitFileType = wrapper.application; includeInIndex = 0; path = AnimateCheckbox.app; sourceTree = BUILT_PRODUCTS_DIR; };
		FFC00AB024DA9661007A6D49 /* AppDelegate.swift */ = {isa = PBXFileReference; lastKnownFileType = sourcecode.swift; path = AppDelegate.swift; sourceTree = "<group>"; };
		FFC00AB224DA9661007A6D49 /* SceneDelegate.swift */ = {isa = PBXFileReference; lastKnownFileType = sourcecode.swift; path = SceneDelegate.swift; sourceTree = "<group>"; };
		FFC00AB424DA9661007A6D49 /* ContentView.swift */ = {isa = PBXFileReference; lastKnownFileType = sourcecode.swift; path = ContentView.swift; sourceTree = "<group>"; };
		FFC00AB624DA9661007A6D49 /* Assets.xcassets */ = {isa = PBXFileReference; lastKnownFileType = folder.assetcatalog; path = Assets.xcassets; sourceTree = "<group>"; };
		FFC00AB924DA9661007A6D49 /* Preview Assets.xcassets */ = {isa = PBXFileReference; lastKnownFileType = folder.assetcatalog; path = "Preview Assets.xcassets"; sourceTree = "<group>"; };
		FFC00ABC24DA9661007A6D49 /* Base */ = {isa = PBXFileReference; lastKnownFileType = file.storyboard; name = Base; path = Base.lproj/LaunchScreen.storyboard; sourceTree = "<group>"; };
		FFC00ABE24DA9661007A6D49 /* Info.plist */ = {isa = PBXFileReference; lastKnownFileType = text.plist.xml; path = Info.plist; sourceTree = "<group>"; };
		FFC00AC624DA96E0007A6D49 /* CheckBoxView.swift */ = {isa = PBXFileReference; lastKnownFileType = sourcecode.swift; path = CheckBoxView.swift; sourceTree = "<group>"; };
/* End PBXFileReference section */

/* Begin PBXFrameworksBuildPhase section */
		FFC00AAA24DA9661007A6D49 /* Frameworks */ = {
			isa = PBXFrameworksBuildPhase;
			buildActionMask = 2147483647;
			files = (
			);
			runOnlyForDeploymentPostprocessing = 0;
		};
/* End PBXFrameworksBuildPhase section */

/* Begin PBXGroup section */
		FFC00AA424DA9661007A6D49 = {
			isa = PBXGroup;
			children = (
				FFC00AAF24DA9661007A6D49 /* AnimateCheckbox */,
				FFC00AAE24DA9661007A6D49 /* Products */,
			);
			sourceTree = "<group>";
		};
		FFC00AAE24DA9661007A6D49 /* Products */ = {
			isa = PBXGroup;
			children = (
				FFC00AAD24DA9661007A6D49 /* AnimateCheckbox.app */,
			);
			name = Products;
			sourceTree = "<group>";
		};
		FFC00AAF24DA9661007A6D49 /* AnimateCheckbox */ = {
			isa = PBXGroup;
			children = (
				FFC00AB024DA9661007A6D49 /* AppDelegate.swift */,
				FFC00AB224DA9661007A6D49 /* SceneDelegate.swift */,
				FFC00AB424DA9661007A6D49 /* ContentView.swift */,
				FFC00AC624DA96E0007A6D49 /* CheckBoxView.swift */,
				FFC00AB624DA9661007A6D49 /* Assets.xcassets */,
				FFC00ABB24DA9661007A6D49 /* LaunchScreen.storyboard */,
				FFC00ABE24DA9661007A6D49 /* Info.plist */,
				FFC00AB824DA9661007A6D49 /* Preview Content */,
			);
			path = AnimateCheckbox;
			sourceTree = "<group>";
		};
		FFC00AB824DA9661007A6D49 /* Preview Content */ = {
			isa = PBXGroup;
			children = (
				FFC00AB924DA9661007A6D49 /* Preview Assets.xcassets */,
			);
			path = "Preview Content";
			sourceTree = "<group>";
		};
/* End PBXGroup section */

/* Begin PBXNativeTarget section */
		FFC00AAC24DA9661007A6D49 /* AnimateCheckbox */ = {
			isa = PBXNativeTarget;
			buildConfigurationList = FFC00AC124DA9661007A6D49 /* Build configuration list for PBXNativeTarget "AnimateCheckbox" */;
			buildPhases = (
				FFC00AA924DA9661007A6D49 /* Sources */,
				FFC00AAA24DA9661007A6D49 /* Frameworks */,
				FFC00AAB24DA9661007A6D49 /* Resources */,
			);
			buildRules = (
			);
			dependencies = (
			);
			name = AnimateCheckbox;
			productName = AnimateCheckbox;
			productReference = FFC00AAD24DA9661007A6D49 /* AnimateCheckbox.app */;
			productType = "com.apple.product-type.application";
		};
/* End PBXNativeTarget section */

/* Begin PBXProject section */
		FFC00AA524DA9661007A6D49 /* Project object */ = {
			isa = PBXProject;
			attributes = {
				LastSwiftUpdateCheck = 1130;
				LastUpgradeCheck = 1130;
				ORGANIZATIONNAME = Hitesh;
				TargetAttributes = {
					FFC00AAC24DA9661007A6D49 = {
						CreatedOnToolsVersion = 11.3.1;
					};
				};
			};
			buildConfigurationList = FFC00AA824DA9661007A6D49 /* Build configuration list for PBXProject "AnimateCheckbox" */;
			compatibilityVersion = "Xcode 9.3";
			developmentRegion = en;
			hasScannedForEncodings = 0;
			knownRegions = (
				en,
				Base,
			);
			mainGroup = FFC00AA424DA9661007A6D49;
			productRefGroup = FFC00AAE24DA9661007A6D49 /* Products */;
			projectDirPath = "";
			projectRoot = "";
			targets = (
				FFC00AAC24DA9661007A6D49 /* AnimateCheckbox */,
			);
		};
/* End PBXProject section */

/* Begin PBXResourcesBuildPhase section */
		FFC00AAB24DA9661007A6D49 /* Resources */ = {
			isa = PBXResourcesBuildPhase;
			buildActionMask = 2147483647;
			files = (
				FFC00ABD24DA9661007A6D49 /* LaunchScreen.storyboard in Resources */,
				FFC00ABA24DA9661007A6D49 /* Preview Assets.xcassets in Resources */,
				FFC00AB724DA9661007A6D49 /* Assets.xcassets in Resources */,
			);
			runOnlyForDeploymentPostprocessing = 0;
		};
/* End PBXResourcesBuildPhase section */

/* Begin PBXSourcesBuildPhase section */
		FFC00AA924DA9661007A6D49 /* Sources */ = {
			isa = PBXSourcesBuildPhase;
			buildActionMask = 2147483647;
			files = (
				FFC00AB124DA9661007A6D49 /* AppDelegate.swift in Sources */,
				FFC00AB324DA9661007A6D49 /* SceneDelegate.swift in Sources */,
				FFC00AB524DA9661007A6D49 /* ContentView.swift in Sources */,
				FFC00AC724DA96E0007A6D49 /* CheckBoxView.swift in Sources */,
			);
			runOnlyForDeploymentPostprocessing = 0;
		};
/* End PBXSourcesBuildPhase section */

/* Begin PBXVariantGroup section */
		FFC00ABB24DA9661007A6D49 /* LaunchScreen.storyboard */ = {
			isa = PBXVariantGroup;
			children = (
				FFC00ABC24DA9661007A6D49 /* Base */,
			);
			name = LaunchScreen.storyboard;
			sourceTree = "<group>";
		};
/* End PBXVariantGroup section */

/* Begin XCBuildConfiguration section */
		FFC00ABF24DA9661007A6D49 /* Debug */ = {
			isa = XCBuildConfiguration;
			buildSettings = {
				ALWAYS_SEARCH_USER_PATHS = NO;
				CLANG_ANALYZER_NONNULL = YES;
				CLANG_ANALYZER_NUMBER_OBJECT_CONVERSION = YES_AGGRESSIVE;
				CLANG_CXX_LANGUAGE_STANDARD = "gnu++14";
				CLANG_CXX_LIBRARY = "libc++";
				CLANG_ENABLE_MODULES = YES;
				CLANG_ENABLE_OBJC_ARC = YES;
				CLANG_ENABLE_OBJC_WEAK = YES;
				CLANG_WARN_BLOCK_CAPTURE_AUTORELEASING = YES;
				CLANG_WARN_BOOL_CONVERSION = YES;
				CLANG_WARN_COMMA = YES;
				CLANG_WARN_CONSTANT_CONVERSION = YES;
				CLANG_WARN_DEPRECATED_OBJC_IMPLEMENTATIONS = YES;
				CLANG_WARN_DIRECT_OBJC_ISA_USAGE = YES_ERROR;
				CLANG_WARN_DOCUMENTATION_COMMENTS = YES;
				CLANG_WARN_EMPTY_BODY = YES;
				CLANG_WARN_ENUM_CONVERSION = YES;
				CLANG_WARN_INFINITE_RECURSION = YES;
				CLANG_WARN_INT_CONVERSION = YES;
				CLANG_WARN_NON_LITERAL_NULL_CONVERSION = YES;
				CLANG_WARN_OBJC_IMPLICIT_RETAIN_SELF = YES;
				CLANG_WARN_OBJC_LITERAL_CONVERSION = YES;
				CLANG_WARN_OBJC_ROOT_CLASS = YES_ERROR;
				CLANG_WARN_RANGE_LOOP_ANALYSIS = YES;
				CLANG_WARN_STRICT_PROTOTYPES = YES;
				CLANG_WARN_SUSPICIOUS_MOVE = YES;
				CLANG_WARN_UNGUARDED_AVAILABILITY = YES_AGGRESSIVE;
				CLANG_WARN_UNREACHABLE_CODE = YES;
				CLANG_WARN__DUPLICATE_METHOD_MATCH = YES;
				COPY_PHASE_STRIP = NO;
				DEBUG_INFORMATION_FORMAT = dwarf;
				ENABLE_STRICT_OBJC_MSGSEND = YES;
				ENABLE_TESTABILITY = YES;
				GCC_C_LANGUAGE_STANDARD = gnu11;
				GCC_DYNAMIC_NO_PIC = NO;
				GCC_NO_COMMON_BLOCKS = YES;
				GCC_OPTIMIZATION_LEVEL = 0;
				GCC_PREPROCESSOR_DEFINITIONS = (
					"DEBUG=1",
					"$(inherited)",
				);
				GCC_WARN_64_TO_32_BIT_CONVERSION = YES;
				GCC_WARN_ABOUT_RETURN_TYPE = YES_ERROR;
				GCC_WARN_UNDECLARED_SELECTOR = YES;
				GCC_WARN_UNINITIALIZED_AUTOS = YES_AGGRESSIVE;
				GCC_WARN_UNUSED_FUNCTION = YES;
				GCC_WARN_UNUSED_VARIABLE = YES;
				IPHONEOS_DEPLOYMENT_TARGET = 13.2;
				MTL_ENABLE_DEBUG_INFO = INCLUDE_SOURCE;
				MTL_FAST_MATH = YES;
				ONLY_ACTIVE_ARCH = YES;
				SDKROOT = iphoneos;
				SWIFT_ACTIVE_COMPILATION_CONDITIONS = DEBUG;
				SWIFT_OPTIMIZATION_LEVEL = "-Onone";
			};
			name = Debug;
		};
		FFC00AC024DA9661007A6D49 /* Release */ = {
			isa = XCBuildConfiguration;
			buildSettings = {
				ALWAYS_SEARCH_USER_PATHS = NO;
				CLANG_ANALYZER_NONNULL = YES;
				CLANG_ANALYZER_NUMBER_OBJECT_CONVERSION = YES_AGGRESSIVE;
				CLANG_CXX_LANGUAGE_STANDARD = "gnu++14";
				CLANG_CXX_LIBRARY = "libc++";
				CLANG_ENABLE_MODULES = YES;
				CLANG_ENABLE_OBJC_ARC = YES;
				CLANG_ENABLE_OBJC_WEAK = YES;
				CLANG_WARN_BLOCK_CAPTURE_AUTORELEASING = YES;
				CLANG_WARN_BOOL_CONVERSION = YES;
				CLANG_WARN_COMMA = YES;
				CLANG_WARN_CONSTANT_CONVERSION = YES;
				CLANG_WARN_DEPRECATED_OBJC_IMPLEMENTATIONS = YES;
				CLANG_WARN_DIRECT_OBJC_ISA_USAGE = YES_ERROR;
				CLANG_WARN_DOCUMENTATION_COMMENTS = YES;
				CLANG_WARN_EMPTY_BODY = YES;
				CLANG_WARN_ENUM_CONVERSION = YES;
				CLANG_WARN_INFINITE_RECURSION = YES;
				CLANG_WARN_INT_CONVERSION = YES;
				CLANG_WARN_NON_LITERAL_NULL_CONVERSION = YES;
				CLANG_WARN_OBJC_IMPLICIT_RETAIN_SELF = YES;
				CLANG_WARN_OBJC_LITERAL_CONVERSION = YES;
				CLANG_WARN_OBJC_ROOT_CLASS = YES_ERROR;
				CLANG_WARN_RANGE_LOOP_ANALYSIS = YES;
				CLANG_WARN_STRICT_PROTOTYPES = YES;
				CLANG_WARN_SUSPICIOUS_MOVE = YES;
				CLANG_WARN_UNGUARDED_AVAILABILITY = YES_AGGRESSIVE;
				CLANG_WARN_UNREACHABLE_CODE = YES;
				CLANG_WARN__DUPLICATE_METHOD_MATCH = YES;
				COPY_PHASE_STRIP = NO;
				DEBUG_INFORMATION_FORMAT = "dwarf-with-dsym";
				ENABLE_NS_ASSERTIONS = NO;
				ENABLE_STRICT_OBJC_MSGSEND = YES;
				GCC_C_LANGUAGE_STANDARD = gnu11;
				GCC_NO_COMMON_BLOCKS = YES;
				GCC_WARN_64_TO_32_BIT_CONVERSION = YES;
				GCC_WARN_ABOUT_RETURN_TYPE = YES_ERROR;
				GCC_WARN_UNDECLARED_SELECTOR = YES;
				GCC_WARN_UNINITIALIZED_AUTOS = YES_AGGRESSIVE;
				GCC_WARN_UNUSED_FUNCTION = YES;
				GCC_WARN_UNUSED_VARIABLE = YES;
				IPHONEOS_DEPLOYMENT_TARGET = 13.2;
				MTL_ENABLE_DEBUG_INFO = NO;
				MTL_FAST_MATH = YES;
				SDKROOT = iphoneos;
				SWIFT_COMPILATION_MODE = wholemodule;
				SWIFT_OPTIMIZATION_LEVEL = "-O";
				VALIDATE_PRODUCT = YES;
			};
			name = Release;
		};
		FFC00AC224DA9661007A6D49 /* Debug */ = {
			isa = XCBuildConfiguration;
			buildSettings = {
				ASSETCATALOG_COMPILER_APPICON_NAME = AppIcon;
				CODE_SIGN_STYLE = Automatic;
				DEVELOPMENT_ASSET_PATHS = "\"AnimateCheckbox/Preview Content\"";
				ENABLE_PREVIEWS = YES;
				INFOPLIST_FILE = AnimateCheckbox/Info.plist;
				LD_RUNPATH_SEARCH_PATHS = (
					"$(inherited)",
					"@executable_path/Frameworks",
				);
				PRODUCT_BUNDLE_IDENTIFIER = com.hitesh.AnimateCheckbox.AnimateCheckbox;
				PRODUCT_NAME = "$(TARGET_NAME)";
				SWIFT_VERSION = 5.0;
				TARGETED_DEVICE_FAMILY = "1,2";
			};
			name = Debug;
		};
		FFC00AC324DA9661007A6D49 /* Release */ = {
			isa = XCBuildConfiguration;
			buildSettings = {
				ASSETCATALOG_COMPILER_APPICON_NAME = AppIcon;
				CODE_SIGN_STYLE = Automatic;
				DEVELOPMENT_ASSET_PATHS = "\"AnimateCheckbox/Preview Content\"";
				ENABLE_PREVIEWS = YES;
				INFOPLIST_FILE = AnimateCheckbox/Info.plist;
				LD_RUNPATH_SEARCH_PATHS = (
					"$(inherited)",
					"@executable_path/Frameworks",
				);
				PRODUCT_BUNDLE_IDENTIFIER = com.hitesh.AnimateCheckbox.AnimateCheckbox;
				PRODUCT_NAME = "$(TARGET_NAME)";
				SWIFT_VERSION = 5.0;
				TARGETED_DEVICE_FAMILY = "1,2";
			};
			name = Release;
		};
/* End XCBuildConfiguration section */

/* Begin XCConfigurationList section */
		FFC00AA824DA9661007A6D49 /* Build configuration list for PBXProject "AnimateCheckbox" */ = {
			isa = XCConfigurationList;
			buildConfigurations = (
				FFC00ABF24DA9661007A6D49 /* Debug */,
				FFC00AC024DA9661007A6D49 /* Release */,
			);
			defaultConfigurationIsVisible = 0;
			defaultConfigurationName = Release;
		};
		FFC00AC124DA9661007A6D49 /* Build configuration list for PBXNativeTarget "AnimateCheckbox" */ = {
			isa = XCConfigurationList;
			buildConfigurations = (
				FFC00AC224DA9661007A6D49 /* Debug */,
				FFC00AC324DA9661007A6D49 /* Release */,
			);
			defaultConfigurationIsVisible = 0;
			defaultConfigurationName = Release;
		};
/* End XCConfigurationList section */
	};
	rootObject = FFC00AA524DA9661007A6D49 /* Project object */;
}
