// !$*UTF8*$!
{
	archiveVersion = 1;
	classes = {
	};
	objectVersion = 50;
	objects = {

/* Begin PBXBuildFile section */
		FF0BD82C2408EA0E00F7EA4C /* ProfileSummary.swift in Sources */ = {isa = PBXBuildFile; fileRef = FF0BD82B2408EA0E00F7EA4C /* ProfileSummary.swift */; };
		FF0BD83C2408EA5700F7EA4C /* BadgeSymbol.swift in Sources */ = {isa = PBXBuildFile; fileRef = FF0BD82D2408EA5700F7EA4C /* BadgeSymbol.swift */; };
		FF0BD83D2408EA5700F7EA4C /* HIkeBadge.swift in Sources */ = {isa = PBXBuildFile; fileRef = FF0BD82E2408EA5700F7EA4C /* HIkeBadge.swift */; };
		FF0BD83E2408EA5700F7EA4C /* Data.swift in Sources */ = {isa = PBXBuildFile; fileRef = FF0BD82F2408EA5700F7EA4C /* Data.swift */; };
		FF0BD83F2408EA5700F7EA4C /* Hike.swift in Sources */ = {isa = PBXBuildFile; fileRef = FF0BD8302408EA5700F7EA4C /* Hike.swift */; };
		FF0BD8402408EA5700F7EA4C /* Landmark.swift in Sources */ = {isa = PBXBuildFile; fileRef = FF0BD8312408EA5700F7EA4C /* Landmark.swift */; };
		FF0BD8412408EA5700F7EA4C /* BadgeBackground.swift in Sources */ = {isa = PBXBuildFile; fileRef = FF0BD8322408EA5700F7EA4C /* BadgeBackground.swift */; };
		FF0BD8422408EA5700F7EA4C /* HikeView.swift in Sources */ = {isa = PBXBuildFile; fileRef = FF0BD8332408EA5700F7EA4C /* HikeView.swift */; };
		FF0BD8432408EA5700F7EA4C /* UserData.swift in Sources */ = {isa = PBXBuildFile; fileRef = FF0BD8342408EA5700F7EA4C /* UserData.swift */; };
		FF0BD8442408EA5700F7EA4C /* GraphCapsule.swift in Sources */ = {isa = PBXBuildFile; fileRef = FF0BD8352408EA5700F7EA4C /* GraphCapsule.swift */; };
		FF0BD8452408EA5700F7EA4C /* RotatedBadgeSymbol.swift in Sources */ = {isa = PBXBuildFile; fileRef = FF0BD8362408EA5700F7EA4C /* RotatedBadgeSymbol.swift */; };
		FF0BD8462408EA5700F7EA4C /* HikeDetail.swift in Sources */ = {isa = PBXBuildFile; fileRef = FF0BD8372408EA5700F7EA4C /* HikeDetail.swift */; };
		FF0BD8472408EA5700F7EA4C /* HexagonParameters.swift in Sources */ = {isa = PBXBuildFile; fileRef = FF0BD8382408EA5700F7EA4C /* HexagonParameters.swift */; };
		FF0BD8482408EA5700F7EA4C /* HikeGraph.swift in Sources */ = {isa = PBXBuildFile; fileRef = FF0BD8392408EA5700F7EA4C /* HikeGraph.swift */; };
		FF0BD8492408EA5700F7EA4C /* Badge.swift in Sources */ = {isa = PBXBuildFile; fileRef = FF0BD83A2408EA5700F7EA4C /* Badge.swift */; };
		FF0BD84A2408EA5700F7EA4C /* Profile.swift in Sources */ = {isa = PBXBuildFile; fileRef = FF0BD83B2408EA5700F7EA4C /* Profile.swift */; };
		FF0BD8592408EB1900F7EA4C /* silversalmoncreek.jpg in Resources */ = {isa = PBXBuildFile; fileRef = FF0BD84B2408EB1900F7EA4C /* silversalmoncreek.jpg */; };
		FF0BD85A2408EB1900F7EA4C /* hikeData.json in Resources */ = {isa = PBXBuildFile; fileRef = FF0BD84C2408EB1900F7EA4C /* hikeData.json */; };
		FF0BD85B2408EB1900F7EA4C /* stmarylake.jpg in Resources */ = {isa = PBXBuildFile; fileRef = FF0BD84D2408EB1900F7EA4C /* stmarylake.jpg */; };
		FF0BD85C2408EB1900F7EA4C /* turtlerock.jpg in Resources */ = {isa = PBXBuildFile; fileRef = FF0BD84E2408EB1900F7EA4C /* turtlerock.jpg */; };
		FF0BD85D2408EB1900F7EA4C /* landmarkData.json in Resources */ = {isa = PBXBuildFile; fileRef = FF0BD84F2408EB1900F7EA4C /* landmarkData.json */; };
		FF0BD85E2408EB1900F7EA4C /* chincoteague.jpg in Resources */ = {isa = PBXBuildFile; fileRef = FF0BD8502408EB1900F7EA4C /* chincoteague.jpg */; };
		FF0BD85F2408EB1900F7EA4C /* rainbowlake.jpg in Resources */ = {isa = PBXBuildFile; fileRef = FF0BD8512408EB1900F7EA4C /* rainbowlake.jpg */; };
		FF0BD8602408EB1900F7EA4C /* hiddenlake.jpg in Resources */ = {isa = PBXBuildFile; fileRef = FF0BD8522408EB1900F7EA4C /* hiddenlake.jpg */; };
		FF0BD8612408EB1900F7EA4C /* umbagog.jpg in Resources */ = {isa = PBXBuildFile; fileRef = FF0BD8532408EB1900F7EA4C /* umbagog.jpg */; };
		FF0BD8622408EB1900F7EA4C /* icybay.jpg in Resources */ = {isa = PBXBuildFile; fileRef = FF0BD8542408EB1900F7EA4C /* icybay.jpg */; };
		FF0BD8632408EB1900F7EA4C /* twinlake.jpg in Resources */ = {isa = PBXBuildFile; fileRef = FF0BD8552408EB1900F7EA4C /* twinlake.jpg */; };
		FF0BD8642408EB1900F7EA4C /* chilkoottrail.jpg in Resources */ = {isa = PBXBuildFile; fileRef = FF0BD8562408EB1900F7EA4C /* chilkoottrail.jpg */; };
		FF0BD8652408EB1900F7EA4C /* lakemcdonald.jpg in Resources */ = {isa = PBXBuildFile; fileRef = FF0BD8572408EB1900F7EA4C /* lakemcdonald.jpg */; };
		FF0BD8662408EB1900F7EA4C /* charleyrivers.jpg in Resources */ = {isa = PBXBuildFile; fileRef = FF0BD8582408EB1900F7EA4C /* charleyrivers.jpg */; };
		FF0BD8682408EBB100F7EA4C /* ProfileEditor.swift in Sources */ = {isa = PBXBuildFile; fileRef = FF0BD8672408EBB100F7EA4C /* ProfileEditor.swift */; };
		FF2BA3A0240925D10051009D /* ProfileHost.swift in Sources */ = {isa = PBXBuildFile; fileRef = FF2BA39F240925D10051009D /* ProfileHost.swift */; };
		FF41903223D463430017903A /* CategoryHome.swift in Sources */ = {isa = PBXBuildFile; fileRef = FF41903123D463430017903A /* CategoryHome.swift */; };
		FF41903423D465E60017903A /* CategoryRow.swift in Sources */ = {isa = PBXBuildFile; fileRef = FF41903323D465E60017903A /* CategoryRow.swift */; };
		FF41903823D469D20017903A /* CategoryItem.swift in Sources */ = {isa = PBXBuildFile; fileRef = FF41903723D469D20017903A /* CategoryItem.swift */; };
		FFEA6CDD23C1FCE400CD15E8 /* AppDelegate.swift in Sources */ = {isa = PBXBuildFile; fileRef = FFEA6CDC23C1FCE400CD15E8 /* AppDelegate.swift */; };
		FFEA6CDF23C1FCE400CD15E8 /* SceneDelegate.swift in Sources */ = {isa = PBXBuildFile; fileRef = FFEA6CDE23C1FCE400CD15E8 /* SceneDelegate.swift */; };
		FFEA6CE223C1FCE400CD15E8 /* LandMark.xcdatamodeld in Sources */ = {isa = PBXBuildFile; fileRef = FFEA6CE023C1FCE400CD15E8 /* LandMark.xcdatamodeld */; };
		FFEA6CE423C1FCE400CD15E8 /* LandmarkDetail.swift in Sources */ = {isa = PBXBuildFile; fileRef = FFEA6CE323C1FCE400CD15E8 /* LandmarkDetail.swift */; };
		FFEA6CE623C1FCE500CD15E8 /* Assets.xcassets in Resources */ = {isa = PBXBuildFile; fileRef = FFEA6CE523C1FCE400CD15E8 /* Assets.xcassets */; };
		FFEA6CE923C1FCE500CD15E8 /* Preview Assets.xcassets in Resources */ = {isa = PBXBuildFile; fileRef = FFEA6CE823C1FCE500CD15E8 /* Preview Assets.xcassets */; };
		FFEA6CEC23C1FCE500CD15E8 /* LaunchScreen.storyboard in Resources */ = {isa = PBXBuildFile; fileRef = FFEA6CEA23C1FCE500CD15E8 /* LaunchScreen.storyboard */; };
		FFEA6D3323C1FD1800CD15E8 /* MapView.swift in Sources */ = {isa = PBXBuildFile; fileRef = FFEA6D3023C1FD1800CD15E8 /* MapView.swift */; };
		FFEA6D3423C1FD1800CD15E8 /* CircleImage.swift in Sources */ = {isa = PBXBuildFile; fileRef = FFEA6D3123C1FD1800CD15E8 /* CircleImage.swift */; };
		FFEA6D3523C1FD1800CD15E8 /* LandmarkRow.swift in Sources */ = {isa = PBXBuildFile; fileRef = FFEA6D3223C1FD1800CD15E8 /* LandmarkRow.swift */; };
		FFEA6D3723C204D800CD15E8 /* LandmarkList.swift in Sources */ = {isa = PBXBuildFile; fileRef = FFEA6D3623C204D800CD15E8 /* LandmarkList.swift */; };
/* End PBXBuildFile section */

/* Begin PBXFileReference section */
		FF0BD82B2408EA0E00F7EA4C /* ProfileSummary.swift */ = {isa = PBXFileReference; fileEncoding = 4; lastKnownFileType = sourcecode.swift; path = ProfileSummary.swift; sourceTree = "<group>"; };
		FF0BD82D2408EA5700F7EA4C /* BadgeSymbol.swift */ = {isa = PBXFileReference; fileEncoding = 4; lastKnownFileType = sourcecode.swift; path = BadgeSymbol.swift; sourceTree = "<group>"; };
		FF0BD82E2408EA5700F7EA4C /* HIkeBadge.swift */ = {isa = PBXFileReference; fileEncoding = 4; lastKnownFileType = sourcecode.swift; path = HIkeBadge.swift; sourceTree = "<group>"; };
		FF0BD82F2408EA5700F7EA4C /* Data.swift */ = {isa = PBXFileReference; fileEncoding = 4; lastKnownFileType = sourcecode.swift; path = Data.swift; sourceTree = "<group>"; };
		FF0BD8302408EA5700F7EA4C /* Hike.swift */ = {isa = PBXFileReference; fileEncoding = 4; lastKnownFileType = sourcecode.swift; path = Hike.swift; sourceTree = "<group>"; };
		FF0BD8312408EA5700F7EA4C /* Landmark.swift */ = {isa = PBXFileReference; fileEncoding = 4; lastKnownFileType = sourcecode.swift; path = Landmark.swift; sourceTree = "<group>"; };
		FF0BD8322408EA5700F7EA4C /* BadgeBackground.swift */ = {isa = PBXFileReference; fileEncoding = 4; lastKnownFileType = sourcecode.swift; path = BadgeBackground.swift; sourceTree = "<group>"; };
		FF0BD8332408EA5700F7EA4C /* HikeView.swift */ = {isa = PBXFileReference; fileEncoding = 4; lastKnownFileType = sourcecode.swift; path = HikeView.swift; sourceTree = "<group>"; };
		FF0BD8342408EA5700F7EA4C /* UserData.swift */ = {isa = PBXFileReference; fileEncoding = 4; lastKnownFileType = sourcecode.swift; path = UserData.swift; sourceTree = "<group>"; };
		FF0BD8352408EA5700F7EA4C /* GraphCapsule.swift */ = {isa = PBXFileReference; fileEncoding = 4; lastKnownFileType = sourcecode.swift; path = GraphCapsule.swift; sourceTree = "<group>"; };
		FF0BD8362408EA5700F7EA4C /* RotatedBadgeSymbol.swift */ = {isa = PBXFileReference; fileEncoding = 4; lastKnownFileType = sourcecode.swift; path = RotatedBadgeSymbol.swift; sourceTree = "<group>"; };
		FF0BD8372408EA5700F7EA4C /* HikeDetail.swift */ = {isa = PBXFileReference; fileEncoding = 4; lastKnownFileType = sourcecode.swift; path = HikeDetail.swift; sourceTree = "<group>"; };
		FF0BD8382408EA5700F7EA4C /* HexagonParameters.swift */ = {isa = PBXFileReference; fileEncoding = 4; lastKnownFileType = sourcecode.swift; path = HexagonParameters.swift; sourceTree = "<group>"; };
		FF0BD8392408EA5700F7EA4C /* HikeGraph.swift */ = {isa = PBXFileReference; fileEncoding = 4; lastKnownFileType = sourcecode.swift; path = HikeGraph.swift; sourceTree = "<group>"; };
		FF0BD83A2408EA5700F7EA4C /* Badge.swift */ = {isa = PBXFileReference; fileEncoding = 4; lastKnownFileType = sourcecode.swift; path = Badge.swift; sourceTree = "<group>"; };
		FF0BD83B2408EA5700F7EA4C /* Profile.swift */ = {isa = PBXFileReference; fileEncoding = 4; lastKnownFileType = sourcecode.swift; path = Profile.swift; sourceTree = "<group>"; };
		FF0BD84B2408EB1900F7EA4C /* silversalmoncreek.jpg */ = {isa = PBXFileReference; lastKnownFileType = image.jpeg; path = silversalmoncreek.jpg; sourceTree = "<group>"; };
		FF0BD84C2408EB1900F7EA4C /* hikeData.json */ = {isa = PBXFileReference; fileEncoding = 4; lastKnownFileType = text.json; path = hikeData.json; sourceTree = "<group>"; };
		FF0BD84D2408EB1900F7EA4C /* stmarylake.jpg */ = {isa = PBXFileReference; lastKnownFileType = image.jpeg; path = stmarylake.jpg; sourceTree = "<group>"; };
		FF0BD84E2408EB1900F7EA4C /* turtlerock.jpg */ = {isa = PBXFileReference; lastKnownFileType = image.jpeg; path = turtlerock.jpg; sourceTree = "<group>"; };
		FF0BD84F2408EB1900F7EA4C /* landmarkData.json */ = {isa = PBXFileReference; fileEncoding = 4; lastKnownFileType = text.json; path = landmarkData.json; sourceTree = "<group>"; };
		FF0BD8502408EB1900F7EA4C /* chincoteague.jpg */ = {isa = PBXFileReference; lastKnownFileType = image.jpeg; path = chincoteague.jpg; sourceTree = "<group>"; };
		FF0BD8512408EB1900F7EA4C /* rainbowlake.jpg */ = {isa = PBXFileReference; lastKnownFileType = image.jpeg; path = rainbowlake.jpg; sourceTree = "<group>"; };
		FF0BD8522408EB1900F7EA4C /* hiddenlake.jpg */ = {isa = PBXFileReference; lastKnownFileType = image.jpeg; path = hiddenlake.jpg; sourceTree = "<group>"; };
		FF0BD8532408EB1900F7EA4C /* umbagog.jpg */ = {isa = PBXFileReference; lastKnownFileType = image.jpeg; path = umbagog.jpg; sourceTree = "<group>"; };
		FF0BD8542408EB1900F7EA4C /* icybay.jpg */ = {isa = PBXFileReference; lastKnownFileType = image.jpeg; path = icybay.jpg; sourceTree = "<group>"; };
		FF0BD8552408EB1900F7EA4C /* twinlake.jpg */ = {isa = PBXFileReference; lastKnownFileType = image.jpeg; path = twinlake.jpg; sourceTree = "<group>"; };
		FF0BD8562408EB1900F7EA4C /* chilkoottrail.jpg */ = {isa = PBXFileReference; lastKnownFileType = image.jpeg; path = chilkoottrail.jpg; sourceTree = "<group>"; };
		FF0BD8572408EB1900F7EA4C /* lakemcdonald.jpg */ = {isa = PBXFileReference; lastKnownFileType = image.jpeg; path = lakemcdonald.jpg; sourceTree = "<group>"; };
		FF0BD8582408EB1900F7EA4C /* charleyrivers.jpg */ = {isa = PBXFileReference; lastKnownFileType = image.jpeg; path = charleyrivers.jpg; sourceTree = "<group>"; };
		FF0BD8672408EBB100F7EA4C /* ProfileEditor.swift */ = {isa = PBXFileReference; fileEncoding = 4; lastKnownFileType = sourcecode.swift; path = ProfileEditor.swift; sourceTree = "<group>"; };
		FF2BA39F240925D10051009D /* ProfileHost.swift */ = {isa = PBXFileReference; lastKnownFileType = sourcecode.swift; path = ProfileHost.swift; sourceTree = "<group>"; };
		FF41903123D463430017903A /* CategoryHome.swift */ = {isa = PBXFileReference; lastKnownFileType = sourcecode.swift; path = CategoryHome.swift; sourceTree = "<group>"; };
		FF41903323D465E60017903A /* CategoryRow.swift */ = {isa = PBXFileReference; lastKnownFileType = sourcecode.swift; path = CategoryRow.swift; sourceTree = "<group>"; };
		FF41903723D469D20017903A /* CategoryItem.swift */ = {isa = PBXFileReference; lastKnownFileType = sourcecode.swift; path = CategoryItem.swift; sourceTree = "<group>"; };
		FFEA6CD923C1FCE400CD15E8 /* LandMark.app */ = {isa = PBXFileReference; explicitFileType = wrapper.application; includeInIndex = 0; path = LandMark.app; sourceTree = BUILT_PRODUCTS_DIR; };
		FFEA6CDC23C1FCE400CD15E8 /* AppDelegate.swift */ = {isa = PBXFileReference; lastKnownFileType = sourcecode.swift; path = AppDelegate.swift; sourceTree = "<group>"; };
		FFEA6CDE23C1FCE400CD15E8 /* SceneDelegate.swift */ = {isa = PBXFileReference; lastKnownFileType = sourcecode.swift; path = SceneDelegate.swift; sourceTree = "<group>"; };
		FFEA6CE123C1FCE400CD15E8 /* LandMark.xcdatamodel */ = {isa = PBXFileReference; lastKnownFileType = wrapper.xcdatamodel; path = LandMark.xcdatamodel; sourceTree = "<group>"; };
		FFEA6CE323C1FCE400CD15E8 /* LandmarkDetail.swift */ = {isa = PBXFileReference; lastKnownFileType = sourcecode.swift; path = LandmarkDetail.swift; sourceTree = "<group>"; };
		FFEA6CE523C1FCE400CD15E8 /* Assets.xcassets */ = {isa = PBXFileReference; lastKnownFileType = folder.assetcatalog; path = Assets.xcassets; sourceTree = "<group>"; };
		FFEA6CE823C1FCE500CD15E8 /* Preview Assets.xcassets */ = {isa = PBXFileReference; lastKnownFileType = folder.assetcatalog; path = "Preview Assets.xcassets"; sourceTree = "<group>"; };
		FFEA6CEB23C1FCE500CD15E8 /* Base */ = {isa = PBXFileReference; lastKnownFileType = file.storyboard; name = Base; path = Base.lproj/LaunchScreen.storyboard; sourceTree = "<group>"; };
		FFEA6CED23C1FCE500CD15E8 /* Info.plist */ = {isa = PBXFileReference; lastKnownFileType = text.plist.xml; path = Info.plist; sourceTree = "<group>"; };
		FFEA6D3023C1FD1800CD15E8 /* MapView.swift */ = {isa = PBXFileReference; fileEncoding = 4; lastKnownFileType = sourcecode.swift; path = MapView.swift; sourceTree = "<group>"; };
		FFEA6D3123C1FD1800CD15E8 /* CircleImage.swift */ = {isa = PBXFileReference; fileEncoding = 4; lastKnownFileType = sourcecode.swift; path = CircleImage.swift; sourceTree = "<group>"; };
		FFEA6D3223C1FD1800CD15E8 /* LandmarkRow.swift */ = {isa = PBXFileReference; fileEncoding = 4; lastKnownFileType = sourcecode.swift; path = LandmarkRow.swift; sourceTree = "<group>"; };
		FFEA6D3623C204D800CD15E8 /* LandmarkList.swift */ = {isa = PBXFileReference; lastKnownFileType = sourcecode.swift; path = LandmarkList.swift; sourceTree = "<group>"; };
/* End PBXFileReference section */

/* Begin PBXFrameworksBuildPhase section */
		FFEA6CD623C1FCE400CD15E8 /* Frameworks */ = {
			isa = PBXFrameworksBuildPhase;
			buildActionMask = 2147483647;
			files = (
			);
			runOnlyForDeploymentPostprocessing = 0;
		};
/* End PBXFrameworksBuildPhase section */

/* Begin PBXGroup section */
		FFBDEBF223C246EC001393A8 /* Resources */ = {
			isa = PBXGroup;
			children = (
				FF0BD8582408EB1900F7EA4C /* charleyrivers.jpg */,
				FF0BD8562408EB1900F7EA4C /* chilkoottrail.jpg */,
				FF0BD8502408EB1900F7EA4C /* chincoteague.jpg */,
				FF0BD8522408EB1900F7EA4C /* hiddenlake.jpg */,
				FF0BD84C2408EB1900F7EA4C /* hikeData.json */,
				FF0BD8542408EB1900F7EA4C /* icybay.jpg */,
				FF0BD8572408EB1900F7EA4C /* lakemcdonald.jpg */,
				FF0BD84F2408EB1900F7EA4C /* landmarkData.json */,
				FF0BD8512408EB1900F7EA4C /* rainbowlake.jpg */,
				FF0BD84B2408EB1900F7EA4C /* silversalmoncreek.jpg */,
				FF0BD84D2408EB1900F7EA4C /* stmarylake.jpg */,
				FF0BD84E2408EB1900F7EA4C /* turtlerock.jpg */,
				FF0BD8552408EB1900F7EA4C /* twinlake.jpg */,
				FF0BD8532408EB1900F7EA4C /* umbagog.jpg */,
			);
			path = Resources;
			sourceTree = "<group>";
		};
		FFEA6CD023C1FCE400CD15E8 = {
			isa = PBXGroup;
			children = (
				FFEA6CDB23C1FCE400CD15E8 /* LandMark */,
				FFEA6CDA23C1FCE400CD15E8 /* Products */,
			);
			sourceTree = "<group>";
		};
		FFEA6CDA23C1FCE400CD15E8 /* Products */ = {
			isa = PBXGroup;
			children = (
				FFEA6CD923C1FCE400CD15E8 /* LandMark.app */,
			);
			name = Products;
			sourceTree = "<group>";
		};
		FFEA6CDB23C1FCE400CD15E8 /* LandMark */ = {
			isa = PBXGroup;
			children = (
				FFEA6D1D23C1FD0A00CD15E8 /* Models */,
				FFEA6D2F23C1FD1800CD15E8 /* CustomViews */,
				FFEA6CDC23C1FCE400CD15E8 /* AppDelegate.swift */,
				FFBDEBF223C246EC001393A8 /* Resources */,
				FFEA6CDE23C1FCE400CD15E8 /* SceneDelegate.swift */,
				FFEA6CE523C1FCE400CD15E8 /* Assets.xcassets */,
				FFEA6CEA23C1FCE500CD15E8 /* LaunchScreen.storyboard */,
				FFEA6CED23C1FCE500CD15E8 /* Info.plist */,
				FFEA6CE023C1FCE400CD15E8 /* LandMark.xcdatamodeld */,
				FFEA6CE723C1FCE500CD15E8 /* Preview Content */,
			);
			path = LandMark;
			sourceTree = "<group>";
		};
		FFEA6CE723C1FCE500CD15E8 /* Preview Content */ = {
			isa = PBXGroup;
			children = (
				FFEA6CE823C1FCE500CD15E8 /* Preview Assets.xcassets */,
			);
			path = "Preview Content";
			sourceTree = "<group>";
		};
		FFEA6D1D23C1FD0A00CD15E8 /* Models */ = {
			isa = PBXGroup;
			children = (
				FF0BD83A2408EA5700F7EA4C /* Badge.swift */,
				FF0BD8322408EA5700F7EA4C /* BadgeBackground.swift */,
				FF0BD82D2408EA5700F7EA4C /* BadgeSymbol.swift */,
				FF0BD82F2408EA5700F7EA4C /* Data.swift */,
				FF0BD8352408EA5700F7EA4C /* GraphCapsule.swift */,
				FF0BD8382408EA5700F7EA4C /* HexagonParameters.swift */,
				FF0BD8302408EA5700F7EA4C /* Hike.swift */,
				FF0BD82E2408EA5700F7EA4C /* HIkeBadge.swift */,
				FF0BD8372408EA5700F7EA4C /* HikeDetail.swift */,
				FF0BD8392408EA5700F7EA4C /* HikeGraph.swift */,
				FF0BD8332408EA5700F7EA4C /* HikeView.swift */,
				FF0BD8312408EA5700F7EA4C /* Landmark.swift */,
				FF0BD83B2408EA5700F7EA4C /* Profile.swift */,
				FF0BD8362408EA5700F7EA4C /* RotatedBadgeSymbol.swift */,
				FF0BD8342408EA5700F7EA4C /* UserData.swift */,
			);
			path = Models;
			sourceTree = "<group>";
		};
		FFEA6D2F23C1FD1800CD15E8 /* CustomViews */ = {
			isa = PBXGroup;
			children = (
				FFEA6CE323C1FCE400CD15E8 /* LandmarkDetail.swift */,
				FF41903323D465E60017903A /* CategoryRow.swift */,
				FFEA6D3023C1FD1800CD15E8 /* MapView.swift */,
				FFEA6D3123C1FD1800CD15E8 /* CircleImage.swift */,
				FFEA6D3223C1FD1800CD15E8 /* LandmarkRow.swift */,
				FFEA6D3623C204D800CD15E8 /* LandmarkList.swift */,
				FF41903123D463430017903A /* CategoryHome.swift */,
				FF41903723D469D20017903A /* CategoryItem.swift */,
				FF2BA39F240925D10051009D /* ProfileHost.swift */,
				FF0BD82B2408EA0E00F7EA4C /* ProfileSummary.swift */,
				FF0BD8672408EBB100F7EA4C /* ProfileEditor.swift */,
			);
			path = CustomViews;
			sourceTree = "<group>";
		};
/* End PBXGroup section */

/* Begin PBXNativeTarget section */
		FFEA6CD823C1FCE400CD15E8 /* LandMark */ = {
			isa = PBXNativeTarget;
			buildConfigurationList = FFEA6D0623C1FCE500CD15E8 /* Build configuration list for PBXNativeTarget "LandMark" */;
			buildPhases = (
				FFEA6CD523C1FCE400CD15E8 /* Sources */,
				FFEA6CD623C1FCE400CD15E8 /* Frameworks */,
				FFEA6CD723C1FCE400CD15E8 /* Resources */,
			);
			buildRules = (
			);
			dependencies = (
			);
			name = LandMark;
			productName = LandMark;
			productReference = FFEA6CD923C1FCE400CD15E8 /* LandMark.app */;
			productType = "com.apple.product-type.application";
		};
/* End PBXNativeTarget section */

/* Begin PBXProject section */
		FFEA6CD123C1FCE400CD15E8 /* Project object */ = {
			isa = PBXProject;
			attributes = {
				LastSwiftUpdateCheck = 1120;
				LastUpgradeCheck = 1120;
				ORGANIZATIONNAME = "Hitesh Agarwal";
				TargetAttributes = {
					FFEA6CD823C1FCE400CD15E8 = {
						CreatedOnToolsVersion = 11.2.1;
					};
				};
			};
			buildConfigurationList = FFEA6CD423C1FCE400CD15E8 /* Build configuration list for PBXProject "LandMark" */;
			compatibilityVersion = "Xcode 9.3";
			developmentRegion = en;
			hasScannedForEncodings = 0;
			knownRegions = (
				en,
				Base,
			);
			mainGroup = FFEA6CD023C1FCE400CD15E8;
			productRefGroup = FFEA6CDA23C1FCE400CD15E8 /* Products */;
			projectDirPath = "";
			projectRoot = "";
			targets = (
				FFEA6CD823C1FCE400CD15E8 /* LandMark */,
			);
		};
/* End PBXProject section */

/* Begin PBXResourcesBuildPhase section */
		FFEA6CD723C1FCE400CD15E8 /* Resources */ = {
			isa = PBXResourcesBuildPhase;
			buildActionMask = 2147483647;
			files = (
				FF0BD8612408EB1900F7EA4C /* umbagog.jpg in Resources */,
				FF0BD85B2408EB1900F7EA4C /* stmarylake.jpg in Resources */,
				FF0BD8622408EB1900F7EA4C /* icybay.jpg in Resources */,
				FF0BD85F2408EB1900F7EA4C /* rainbowlake.jpg in Resources */,
				FF0BD8632408EB1900F7EA4C /* twinlake.jpg in Resources */,
				FFEA6CEC23C1FCE500CD15E8 /* LaunchScreen.storyboard in Resources */,
				FF0BD85C2408EB1900F7EA4C /* turtlerock.jpg in Resources */,
				FF0BD8662408EB1900F7EA4C /* charleyrivers.jpg in Resources */,
				FF0BD85E2408EB1900F7EA4C /* chincoteague.jpg in Resources */,
				FF0BD8602408EB1900F7EA4C /* hiddenlake.jpg in Resources */,
				FF0BD8592408EB1900F7EA4C /* silversalmoncreek.jpg in Resources */,
				FFEA6CE923C1FCE500CD15E8 /* Preview Assets.xcassets in Resources */,
				FF0BD85D2408EB1900F7EA4C /* landmarkData.json in Resources */,
				FFEA6CE623C1FCE500CD15E8 /* Assets.xcassets in Resources */,
				FF0BD8642408EB1900F7EA4C /* chilkoottrail.jpg in Resources */,
				FF0BD8652408EB1900F7EA4C /* lakemcdonald.jpg in Resources */,
				FF0BD85A2408EB1900F7EA4C /* hikeData.json in Resources */,
			);
			runOnlyForDeploymentPostprocessing = 0;
		};
/* End PBXResourcesBuildPhase section */

/* Begin PBXSourcesBuildPhase section */
		FFEA6CD523C1FCE400CD15E8 /* Sources */ = {
			isa = PBXSourcesBuildPhase;
			buildActionMask = 2147483647;
			files = (
				FF0BD8472408EA5700F7EA4C /* HexagonParameters.swift in Sources */,
				FFEA6D3423C1FD1800CD15E8 /* CircleImage.swift in Sources */,
				FF2BA3A0240925D10051009D /* ProfileHost.swift in Sources */,
				FF0BD83E2408EA5700F7EA4C /* Data.swift in Sources */,
				FFEA6D3323C1FD1800CD15E8 /* MapView.swift in Sources */,
				FF0BD82C2408EA0E00F7EA4C /* ProfileSummary.swift in Sources */,
				FF0BD8462408EA5700F7EA4C /* HikeDetail.swift in Sources */,
				FF0BD8422408EA5700F7EA4C /* HikeView.swift in Sources */,
				FFEA6CDD23C1FCE400CD15E8 /* AppDelegate.swift in Sources */,
				FF41903423D465E60017903A /* CategoryRow.swift in Sources */,
				FF0BD83F2408EA5700F7EA4C /* Hike.swift in Sources */,
				FF0BD83C2408EA5700F7EA4C /* BadgeSymbol.swift in Sources */,
				FF0BD8492408EA5700F7EA4C /* Badge.swift in Sources */,
				FF41903223D463430017903A /* CategoryHome.swift in Sources */,
				FFEA6CDF23C1FCE400CD15E8 /* SceneDelegate.swift in Sources */,
				FF0BD8482408EA5700F7EA4C /* HikeGraph.swift in Sources */,
				FFEA6CE423C1FCE400CD15E8 /* LandmarkDetail.swift in Sources */,
				FFEA6CE223C1FCE400CD15E8 /* LandMark.xcdatamodeld in Sources */,
				FF0BD8452408EA5700F7EA4C /* RotatedBadgeSymbol.swift in Sources */,
				FF0BD8682408EBB100F7EA4C /* ProfileEditor.swift in Sources */,
				FF41903823D469D20017903A /* CategoryItem.swift in Sources */,
				FF0BD8412408EA5700F7EA4C /* BadgeBackground.swift in Sources */,
				FFEA6D3523C1FD1800CD15E8 /* LandmarkRow.swift in Sources */,
				FF0BD8402408EA5700F7EA4C /* Landmark.swift in Sources */,
				FF0BD83D2408EA5700F7EA4C /* HIkeBadge.swift in Sources */,
				FF0BD8432408EA5700F7EA4C /* UserData.swift in Sources */,
				FFEA6D3723C204D800CD15E8 /* LandmarkList.swift in Sources */,
				FF0BD84A2408EA5700F7EA4C /* Profile.swift in Sources */,
				FF0BD8442408EA5700F7EA4C /* GraphCapsule.swift in Sources */,
			);
			runOnlyForDeploymentPostprocessing = 0;
		};
/* End PBXSourcesBuildPhase section */

/* Begin PBXVariantGroup section */
		FFEA6CEA23C1FCE500CD15E8 /* LaunchScreen.storyboard */ = {
			isa = PBXVariantGroup;
			children = (
				FFEA6CEB23C1FCE500CD15E8 /* Base */,
			);
			name = LaunchScreen.storyboard;
			sourceTree = "<group>";
		};
/* End PBXVariantGroup section */

/* Begin XCBuildConfiguration section */
		FFEA6D0423C1FCE500CD15E8 /* Debug */ = {
			isa = XCBuildConfiguration;
			buildSettings = {
				ALWAYS_SEARCH_USER_PATHS = NO;
				CLANG_ANALYZER_NONNULL = YES;
				CLANG_ANALYZER_NUMBER_OBJECT_CONVERSION = YES_AGGRESSIVE;
				CLANG_CXX_LANGUAGE_STANDARD = "gnu++14";
				CLANG_CXX_LIBRARY = "libc++";
				CLANG_ENABLE_MODULES = YES;
				CLANG_ENABLE_OBJC_ARC = YES;
				CLANG_ENABLE_OBJC_WEAK = YES;
				CLANG_WARN_BLOCK_CAPTURE_AUTORELEASING = YES;
				CLANG_WARN_BOOL_CONVERSION = YES;
				CLANG_WARN_COMMA = YES;
				CLANG_WARN_CONSTANT_CONVERSION = YES;
				CLANG_WARN_DEPRECATED_OBJC_IMPLEMENTATIONS = YES;
				CLANG_WARN_DIRECT_OBJC_ISA_USAGE = YES_ERROR;
				CLANG_WARN_DOCUMENTATION_COMMENTS = YES;
				CLANG_WARN_EMPTY_BODY = YES;
				CLANG_WARN_ENUM_CONVERSION = YES;
				CLANG_WARN_INFINITE_RECURSION = YES;
				CLANG_WARN_INT_CONVERSION = YES;
				CLANG_WARN_NON_LITERAL_NULL_CONVERSION = YES;
				CLANG_WARN_OBJC_IMPLICIT_RETAIN_SELF = YES;
				CLANG_WARN_OBJC_LITERAL_CONVERSION = YES;
				CLANG_WARN_OBJC_ROOT_CLASS = YES_ERROR;
				CLANG_WARN_RANGE_LOOP_ANALYSIS = YES;
				CLANG_WARN_STRICT_PROTOTYPES = YES;
				CLANG_WARN_SUSPICIOUS_MOVE = YES;
				CLANG_WARN_UNGUARDED_AVAILABILITY = YES_AGGRESSIVE;
				CLANG_WARN_UNREACHABLE_CODE = YES;
				CLANG_WARN__DUPLICATE_METHOD_MATCH = YES;
				COPY_PHASE_STRIP = NO;
				DEBUG_INFORMATION_FORMAT = dwarf;
				ENABLE_STRICT_OBJC_MSGSEND = YES;
				ENABLE_TESTABILITY = YES;
				GCC_C_LANGUAGE_STANDARD = gnu11;
				GCC_DYNAMIC_NO_PIC = NO;
				GCC_NO_COMMON_BLOCKS = YES;
				GCC_OPTIMIZATION_LEVEL = 0;
				GCC_PREPROCESSOR_DEFINITIONS = (
					"DEBUG=1",
					"$(inherited)",
				);
				GCC_WARN_64_TO_32_BIT_CONVERSION = YES;
				GCC_WARN_ABOUT_RETURN_TYPE = YES_ERROR;
				GCC_WARN_UNDECLARED_SELECTOR = YES;
				GCC_WARN_UNINITIALIZED_AUTOS = YES_AGGRESSIVE;
				GCC_WARN_UNUSED_FUNCTION = YES;
				GCC_WARN_UNUSED_VARIABLE = YES;
				IPHONEOS_DEPLOYMENT_TARGET = 13.2;
				MTL_ENABLE_DEBUG_INFO = INCLUDE_SOURCE;
				MTL_FAST_MATH = YES;
				ONLY_ACTIVE_ARCH = YES;
				SDKROOT = iphoneos;
				SWIFT_ACTIVE_COMPILATION_CONDITIONS = DEBUG;
				SWIFT_OPTIMIZATION_LEVEL = "-Onone";
			};
			name = Debug;
		};
		FFEA6D0523C1FCE500CD15E8 /* Release */ = {
			isa = XCBuildConfiguration;
			buildSettings = {
				ALWAYS_SEARCH_USER_PATHS = NO;
				CLANG_ANALYZER_NONNULL = YES;
				CLANG_ANALYZER_NUMBER_OBJECT_CONVERSION = YES_AGGRESSIVE;
				CLANG_CXX_LANGUAGE_STANDARD = "gnu++14";
				CLANG_CXX_LIBRARY = "libc++";
				CLANG_ENABLE_MODULES = YES;
				CLANG_ENABLE_OBJC_ARC = YES;
				CLANG_ENABLE_OBJC_WEAK = YES;
				CLANG_WARN_BLOCK_CAPTURE_AUTORELEASING = YES;
				CLANG_WARN_BOOL_CONVERSION = YES;
				CLANG_WARN_COMMA = YES;
				CLANG_WARN_CONSTANT_CONVERSION = YES;
				CLANG_WARN_DEPRECATED_OBJC_IMPLEMENTATIONS = YES;
				CLANG_WARN_DIRECT_OBJC_ISA_USAGE = YES_ERROR;
				CLANG_WARN_DOCUMENTATION_COMMENTS = YES;
				CLANG_WARN_EMPTY_BODY = YES;
				CLANG_WARN_ENUM_CONVERSION = YES;
				CLANG_WARN_INFINITE_RECURSION = YES;
				CLANG_WARN_INT_CONVERSION = YES;
				CLANG_WARN_NON_LITERAL_NULL_CONVERSION = YES;
				CLANG_WARN_OBJC_IMPLICIT_RETAIN_SELF = YES;
				CLANG_WARN_OBJC_LITERAL_CONVERSION = YES;
				CLANG_WARN_OBJC_ROOT_CLASS = YES_ERROR;
				CLANG_WARN_RANGE_LOOP_ANALYSIS = YES;
				CLANG_WARN_STRICT_PROTOTYPES = YES;
				CLANG_WARN_SUSPICIOUS_MOVE = YES;
				CLANG_WARN_UNGUARDED_AVAILABILITY = YES_AGGRESSIVE;
				CLANG_WARN_UNREACHABLE_CODE = YES;
				CLANG_WARN__DUPLICATE_METHOD_MATCH = YES;
				COPY_PHASE_STRIP = NO;
				DEBUG_INFORMATION_FORMAT = "dwarf-with-dsym";
				ENABLE_NS_ASSERTIONS = NO;
				ENABLE_STRICT_OBJC_MSGSEND = YES;
				GCC_C_LANGUAGE_STANDARD = gnu11;
				GCC_NO_COMMON_BLOCKS = YES;
				GCC_WARN_64_TO_32_BIT_CONVERSION = YES;
				GCC_WARN_ABOUT_RETURN_TYPE = YES_ERROR;
				GCC_WARN_UNDECLARED_SELECTOR = YES;
				GCC_WARN_UNINITIALIZED_AUTOS = YES_AGGRESSIVE;
				GCC_WARN_UNUSED_FUNCTION = YES;
				GCC_WARN_UNUSED_VARIABLE = YES;
				IPHONEOS_DEPLOYMENT_TARGET = 13.2;
				MTL_ENABLE_DEBUG_INFO = NO;
				MTL_FAST_MATH = YES;
				SDKROOT = iphoneos;
				SWIFT_COMPILATION_MODE = wholemodule;
				SWIFT_OPTIMIZATION_LEVEL = "-O";
				VALIDATE_PRODUCT = YES;
			};
			name = Release;
		};
		FFEA6D0723C1FCE500CD15E8 /* Debug */ = {
			isa = XCBuildConfiguration;
			buildSettings = {
				ASSETCATALOG_COMPILER_APPICON_NAME = AppIcon;
				CODE_SIGN_STYLE = Automatic;
				DEVELOPMENT_ASSET_PATHS = "\"LandMark/Preview Content\"";
				ENABLE_PREVIEWS = YES;
				INFOPLIST_FILE = LandMark/Info.plist;
				LD_RUNPATH_SEARCH_PATHS = (
					"$(inherited)",
					"@executable_path/Frameworks",
				);
				PRODUCT_BUNDLE_IDENTIFIER = com.times.app.LandMark;
				PRODUCT_NAME = "$(TARGET_NAME)";
				SWIFT_VERSION = 5.0;
				TARGETED_DEVICE_FAMILY = "1,2";
			};
			name = Debug;
		};
		FFEA6D0823C1FCE500CD15E8 /* Release */ = {
			isa = XCBuildConfiguration;
			buildSettings = {
				ASSETCATALOG_COMPILER_APPICON_NAME = AppIcon;
				CODE_SIGN_STYLE = Automatic;
				DEVELOPMENT_ASSET_PATHS = "\"LandMark/Preview Content\"";
				ENABLE_PREVIEWS = YES;
				INFOPLIST_FILE = LandMark/Info.plist;
				LD_RUNPATH_SEARCH_PATHS = (
					"$(inherited)",
					"@executable_path/Frameworks",
				);
				PRODUCT_BUNDLE_IDENTIFIER = com.times.app.LandMark;
				PRODUCT_NAME = "$(TARGET_NAME)";
				SWIFT_VERSION = 5.0;
				TARGETED_DEVICE_FAMILY = "1,2";
			};
			name = Release;
		};
/* End XCBuildConfiguration section */

/* Begin XCConfigurationList section */
		FFEA6CD423C1FCE400CD15E8 /* Build configuration list for PBXProject "LandMark" */ = {
			isa = XCConfigurationList;
			buildConfigurations = (
				FFEA6D0423C1FCE500CD15E8 /* Debug */,
				FFEA6D0523C1FCE500CD15E8 /* Release */,
			);
			defaultConfigurationIsVisible = 0;
			defaultConfigurationName = Release;
		};
		FFEA6D0623C1FCE500CD15E8 /* Build configuration list for PBXNativeTarget "LandMark" */ = {
			isa = XCConfigurationList;
			buildConfigurations = (
				FFEA6D0723C1FCE500CD15E8 /* Debug */,
				FFEA6D0823C1FCE500CD15E8 /* Release */,
			);
			defaultConfigurationIsVisible = 0;
			defaultConfigurationName = Release;
		};
/* End XCConfigurationList section */

/* Begin XCVersionGroup section */
		FFEA6CE023C1FCE400CD15E8 /* LandMark.xcdatamodeld */ = {
			isa = XCVersionGroup;
			children = (
				FFEA6CE123C1FCE400CD15E8 /* LandMark.xcdatamodel */,
			);
			currentVersion = FFEA6CE123C1FCE400CD15E8 /* LandMark.xcdatamodel */;
			path = LandMark.xcdatamodeld;
			sourceTree = "<group>";
			versionGroupType = wrapper.xcdatamodel;
		};
/* End XCVersionGroup section */
	};
	rootObject = FFEA6CD123C1FCE400CD15E8 /* Project object */;
}
