// !$*UTF8*$!
{
	archiveVersion = 1;
	classes = {
	};
	objectVersion = 50;
	objects = {

/* Begin PBXBuildFile section */
		FFED8EC023D9CC2A00FC938D /* AppDelegate.swift in Sources */ = {isa = PBXBuildFile; fileRef = FFED8EBF23D9CC2A00FC938D /* AppDelegate.swift */; };
		FFED8EC223D9CC2A00FC938D /* SceneDelegate.swift in Sources */ = {isa = PBXBuildFile; fileRef = FFED8EC123D9CC2A00FC938D /* SceneDelegate.swift */; };
		FFED8EC523D9CC2A00FC938D /* Bookworm.xcdatamodeld in Sources */ = {isa = PBXBuildFile; fileRef = FFED8EC323D9CC2A00FC938D /* Bookworm.xcdatamodeld */; };
		FFED8EC923D9CC2B00FC938D /* Assets.xcassets in Resources */ = {isa = PBXBuildFile; fileRef = FFED8EC823D9CC2B00FC938D /* Assets.xcassets */; };
		FFED8ECC23D9CC2B00FC938D /* Preview Assets.xcassets in Resources */ = {isa = PBXBuildFile; fileRef = FFED8ECB23D9CC2B00FC938D /* Preview Assets.xcassets */; };
		FFED8ECF23D9CC2B00FC938D /* LaunchScreen.storyboard in Resources */ = {isa = PBXBuildFile; fileRef = FFED8ECD23D9CC2B00FC938D /* LaunchScreen.storyboard */; };
		FFED8ED723D9E2C100FC938D /* AddBookView.swift in Sources */ = {isa = PBXBuildFile; fileRef = FFED8ED623D9E2C100FC938D /* AddBookView.swift */; };
		FFED8ED923D9E59E00FC938D /* ContentView.swift in Sources */ = {isa = PBXBuildFile; fileRef = FFED8ED823D9E59E00FC938D /* ContentView.swift */; };
		FFED8EDB23DAC75000FC938D /* RatingView.swift in Sources */ = {isa = PBXBuildFile; fileRef = FFED8EDA23DAC75000FC938D /* RatingView.swift */; };
		FFED8EDD23DB02CC00FC938D /* EmojiRatingView.swift in Sources */ = {isa = PBXBuildFile; fileRef = FFED8EDC23DB02CC00FC938D /* EmojiRatingView.swift */; };
		FFED8EE423DB074800FC938D /* Book+CoreDataClass.swift in Sources */ = {isa = PBXBuildFile; fileRef = FFED8EE223DB074800FC938D /* Book+CoreDataClass.swift */; };
		FFED8EE523DB074800FC938D /* Book+CoreDataProperties.swift in Sources */ = {isa = PBXBuildFile; fileRef = FFED8EE323DB074800FC938D /* Book+CoreDataProperties.swift */; };
		FFED8EE723DC818000FC938D /* DetailView.swift in Sources */ = {isa = PBXBuildFile; fileRef = FFED8EE623DC818000FC938D /* DetailView.swift */; };
/* End PBXBuildFile section */

/* Begin PBXFileReference section */
		FFED8EBC23D9CC2A00FC938D /* Bookworm.app */ = {isa = PBXFileReference; explicitFileType = wrapper.application; includeInIndex = 0; path = Bookworm.app; sourceTree = BUILT_PRODUCTS_DIR; };
		FFED8EBF23D9CC2A00FC938D /* AppDelegate.swift */ = {isa = PBXFileReference; lastKnownFileType = sourcecode.swift; path = AppDelegate.swift; sourceTree = "<group>"; };
		FFED8EC123D9CC2A00FC938D /* SceneDelegate.swift */ = {isa = PBXFileReference; lastKnownFileType = sourcecode.swift; path = SceneDelegate.swift; sourceTree = "<group>"; };
		FFED8EC423D9CC2A00FC938D /* Bookworm.xcdatamodel */ = {isa = PBXFileReference; lastKnownFileType = wrapper.xcdatamodel; path = Bookworm.xcdatamodel; sourceTree = "<group>"; };
		FFED8EC823D9CC2B00FC938D /* Assets.xcassets */ = {isa = PBXFileReference; lastKnownFileType = folder.assetcatalog; path = Assets.xcassets; sourceTree = "<group>"; };
		FFED8ECB23D9CC2B00FC938D /* Preview Assets.xcassets */ = {isa = PBXFileReference; lastKnownFileType = folder.assetcatalog; path = "Preview Assets.xcassets"; sourceTree = "<group>"; };
		FFED8ECE23D9CC2B00FC938D /* Base */ = {isa = PBXFileReference; lastKnownFileType = file.storyboard; name = Base; path = Base.lproj/LaunchScreen.storyboard; sourceTree = "<group>"; };
		FFED8ED023D9CC2B00FC938D /* Info.plist */ = {isa = PBXFileReference; lastKnownFileType = text.plist.xml; path = Info.plist; sourceTree = "<group>"; };
		FFED8ED623D9E2C100FC938D /* AddBookView.swift */ = {isa = PBXFileReference; lastKnownFileType = sourcecode.swift; path = AddBookView.swift; sourceTree = "<group>"; };
		FFED8ED823D9E59E00FC938D /* ContentView.swift */ = {isa = PBXFileReference; fileEncoding = 4; lastKnownFileType = sourcecode.swift; path = ContentView.swift; sourceTree = "<group>"; };
		FFED8EDA23DAC75000FC938D /* RatingView.swift */ = {isa = PBXFileReference; lastKnownFileType = sourcecode.swift; path = RatingView.swift; sourceTree = "<group>"; };
		FFED8EDC23DB02CC00FC938D /* EmojiRatingView.swift */ = {isa = PBXFileReference; lastKnownFileType = sourcecode.swift; path = EmojiRatingView.swift; sourceTree = "<group>"; };
		FFED8EE223DB074800FC938D /* Book+CoreDataClass.swift */ = {isa = PBXFileReference; fileEncoding = 4; lastKnownFileType = sourcecode.swift; path = "Book+CoreDataClass.swift"; sourceTree = "<group>"; };
		FFED8EE323DB074800FC938D /* Book+CoreDataProperties.swift */ = {isa = PBXFileReference; fileEncoding = 4; lastKnownFileType = sourcecode.swift; path = "Book+CoreDataProperties.swift"; sourceTree = "<group>"; };
		FFED8EE623DC818000FC938D /* DetailView.swift */ = {isa = PBXFileReference; lastKnownFileType = sourcecode.swift; path = DetailView.swift; sourceTree = "<group>"; };
/* End PBXFileReference section */

/* Begin PBXFrameworksBuildPhase section */
		FFED8EB923D9CC2A00FC938D /* Frameworks */ = {
			isa = PBXFrameworksBuildPhase;
			buildActionMask = 2147483647;
			files = (
			);
			runOnlyForDeploymentPostprocessing = 0;
		};
/* End PBXFrameworksBuildPhase section */

/* Begin PBXGroup section */
		FFED8EB323D9CC2A00FC938D = {
			isa = PBXGroup;
			children = (
				FFED8EBE23D9CC2A00FC938D /* Bookworm */,
				FFED8EBD23D9CC2A00FC938D /* Products */,
			);
			sourceTree = "<group>";
		};
		FFED8EBD23D9CC2A00FC938D /* Products */ = {
			isa = PBXGroup;
			children = (
				FFED8EBC23D9CC2A00FC938D /* Bookworm.app */,
			);
			name = Products;
			sourceTree = "<group>";
		};
		FFED8EBE23D9CC2A00FC938D /* Bookworm */ = {
			isa = PBXGroup;
			children = (
				FFED8EE223DB074800FC938D /* Book+CoreDataClass.swift */,
				FFED8EE323DB074800FC938D /* Book+CoreDataProperties.swift */,
				FFED8EBF23D9CC2A00FC938D /* AppDelegate.swift */,
				FFED8EC123D9CC2A00FC938D /* SceneDelegate.swift */,
				FFED8ED623D9E2C100FC938D /* AddBookView.swift */,
				FFED8ED823D9E59E00FC938D /* ContentView.swift */,
				FFED8EDC23DB02CC00FC938D /* EmojiRatingView.swift */,
				FFED8EDA23DAC75000FC938D /* RatingView.swift */,
				FFED8EE623DC818000FC938D /* DetailView.swift */,
				FFED8EC823D9CC2B00FC938D /* Assets.xcassets */,
				FFED8ECD23D9CC2B00FC938D /* LaunchScreen.storyboard */,
				FFED8ED023D9CC2B00FC938D /* Info.plist */,
				FFED8EC323D9CC2A00FC938D /* Bookworm.xcdatamodeld */,
				FFED8ECA23D9CC2B00FC938D /* Preview Content */,
			);
			path = Bookworm;
			sourceTree = "<group>";
		};
		FFED8ECA23D9CC2B00FC938D /* Preview Content */ = {
			isa = PBXGroup;
			children = (
				FFED8ECB23D9CC2B00FC938D /* Preview Assets.xcassets */,
			);
			path = "Preview Content";
			sourceTree = "<group>";
		};
/* End PBXGroup section */

/* Begin PBXNativeTarget section */
		FFED8EBB23D9CC2A00FC938D /* Bookworm */ = {
			isa = PBXNativeTarget;
			buildConfigurationList = FFED8ED323D9CC2B00FC938D /* Build configuration list for PBXNativeTarget "Bookworm" */;
			buildPhases = (
				FFED8EB823D9CC2A00FC938D /* Sources */,
				FFED8EB923D9CC2A00FC938D /* Frameworks */,
				FFED8EBA23D9CC2A00FC938D /* Resources */,
			);
			buildRules = (
			);
			dependencies = (
			);
			name = Bookworm;
			productName = Bookworm;
			productReference = FFED8EBC23D9CC2A00FC938D /* Bookworm.app */;
			productType = "com.apple.product-type.application";
		};
/* End PBXNativeTarget section */

/* Begin PBXProject section */
		FFED8EB423D9CC2A00FC938D /* Project object */ = {
			isa = PBXProject;
			attributes = {
				LastSwiftUpdateCheck = 1120;
				LastUpgradeCheck = 1120;
				ORGANIZATIONNAME = "Hitesh Agarwal";
				TargetAttributes = {
					FFED8EBB23D9CC2A00FC938D = {
						CreatedOnToolsVersion = 11.2.1;
					};
				};
			};
			buildConfigurationList = FFED8EB723D9CC2A00FC938D /* Build configuration list for PBXProject "Bookworm" */;
			compatibilityVersion = "Xcode 9.3";
			developmentRegion = en;
			hasScannedForEncodings = 0;
			knownRegions = (
				en,
				Base,
			);
			mainGroup = FFED8EB323D9CC2A00FC938D;
			productRefGroup = FFED8EBD23D9CC2A00FC938D /* Products */;
			projectDirPath = "";
			projectRoot = "";
			targets = (
				FFED8EBB23D9CC2A00FC938D /* Bookworm */,
			);
		};
/* End PBXProject section */

/* Begin PBXResourcesBuildPhase section */
		FFED8EBA23D9CC2A00FC938D /* Resources */ = {
			isa = PBXResourcesBuildPhase;
			buildActionMask = 2147483647;
			files = (
				FFED8ECF23D9CC2B00FC938D /* LaunchScreen.storyboard in Resources */,
				FFED8ECC23D9CC2B00FC938D /* Preview Assets.xcassets in Resources */,
				FFED8EC923D9CC2B00FC938D /* Assets.xcassets in Resources */,
			);
			runOnlyForDeploymentPostprocessing = 0;
		};
/* End PBXResourcesBuildPhase section */

/* Begin PBXSourcesBuildPhase section */
		FFED8EB823D9CC2A00FC938D /* Sources */ = {
			isa = PBXSourcesBuildPhase;
			buildActionMask = 2147483647;
			files = (
				FFED8EC023D9CC2A00FC938D /* AppDelegate.swift in Sources */,
				FFED8ED923D9E59E00FC938D /* ContentView.swift in Sources */,
				FFED8EE523DB074800FC938D /* Book+CoreDataProperties.swift in Sources */,
				FFED8EE723DC818000FC938D /* DetailView.swift in Sources */,
				FFED8EE423DB074800FC938D /* Book+CoreDataClass.swift in Sources */,
				FFED8EDD23DB02CC00FC938D /* EmojiRatingView.swift in Sources */,
				FFED8EC523D9CC2A00FC938D /* Bookworm.xcdatamodeld in Sources */,
				FFED8EDB23DAC75000FC938D /* RatingView.swift in Sources */,
				FFED8EC223D9CC2A00FC938D /* SceneDelegate.swift in Sources */,
				FFED8ED723D9E2C100FC938D /* AddBookView.swift in Sources */,
			);
			runOnlyForDeploymentPostprocessing = 0;
		};
/* End PBXSourcesBuildPhase section */

/* Begin PBXVariantGroup section */
		FFED8ECD23D9CC2B00FC938D /* LaunchScreen.storyboard */ = {
			isa = PBXVariantGroup;
			children = (
				FFED8ECE23D9CC2B00FC938D /* Base */,
			);
			name = LaunchScreen.storyboard;
			sourceTree = "<group>";
		};
/* End PBXVariantGroup section */

/* Begin XCBuildConfiguration section */
		FFED8ED123D9CC2B00FC938D /* Debug */ = {
			isa = XCBuildConfiguration;
			buildSettings = {
				ALWAYS_SEARCH_USER_PATHS = NO;
				CLANG_ANALYZER_NONNULL = YES;
				CLANG_ANALYZER_NUMBER_OBJECT_CONVERSION = YES_AGGRESSIVE;
				CLANG_CXX_LANGUAGE_STANDARD = "gnu++14";
				CLANG_CXX_LIBRARY = "libc++";
				CLANG_ENABLE_MODULES = YES;
				CLANG_ENABLE_OBJC_ARC = YES;
				CLANG_ENABLE_OBJC_WEAK = YES;
				CLANG_WARN_BLOCK_CAPTURE_AUTORELEASING = YES;
				CLANG_WARN_BOOL_CONVERSION = YES;
				CLANG_WARN_COMMA = YES;
				CLANG_WARN_CONSTANT_CONVERSION = YES;
				CLANG_WARN_DEPRECATED_OBJC_IMPLEMENTATIONS = YES;
				CLANG_WARN_DIRECT_OBJC_ISA_USAGE = YES_ERROR;
				CLANG_WARN_DOCUMENTATION_COMMENTS = YES;
				CLANG_WARN_EMPTY_BODY = YES;
				CLANG_WARN_ENUM_CONVERSION = YES;
				CLANG_WARN_INFINITE_RECURSION = YES;
				CLANG_WARN_INT_CONVERSION = YES;
				CLANG_WARN_NON_LITERAL_NULL_CONVERSION = YES;
				CLANG_WARN_OBJC_IMPLICIT_RETAIN_SELF = YES;
				CLANG_WARN_OBJC_LITERAL_CONVERSION = YES;
				CLANG_WARN_OBJC_ROOT_CLASS = YES_ERROR;
				CLANG_WARN_RANGE_LOOP_ANALYSIS = YES;
				CLANG_WARN_STRICT_PROTOTYPES = YES;
				CLANG_WARN_SUSPICIOUS_MOVE = YES;
				CLANG_WARN_UNGUARDED_AVAILABILITY = YES_AGGRESSIVE;
				CLANG_WARN_UNREACHABLE_CODE = YES;
				CLANG_WARN__DUPLICATE_METHOD_MATCH = YES;
				COPY_PHASE_STRIP = NO;
				DEBUG_INFORMATION_FORMAT = dwarf;
				ENABLE_STRICT_OBJC_MSGSEND = YES;
				ENABLE_TESTABILITY = YES;
				GCC_C_LANGUAGE_STANDARD = gnu11;
				GCC_DYNAMIC_NO_PIC = NO;
				GCC_NO_COMMON_BLOCKS = YES;
				GCC_OPTIMIZATION_LEVEL = 0;
				GCC_PREPROCESSOR_DEFINITIONS = (
					"DEBUG=1",
					"$(inherited)",
				);
				GCC_WARN_64_TO_32_BIT_CONVERSION = YES;
				GCC_WARN_ABOUT_RETURN_TYPE = YES_ERROR;
				GCC_WARN_UNDECLARED_SELECTOR = YES;
				GCC_WARN_UNINITIALIZED_AUTOS = YES_AGGRESSIVE;
				GCC_WARN_UNUSED_FUNCTION = YES;
				GCC_WARN_UNUSED_VARIABLE = YES;
				IPHONEOS_DEPLOYMENT_TARGET = 13.2;
				MTL_ENABLE_DEBUG_INFO = INCLUDE_SOURCE;
				MTL_FAST_MATH = YES;
				ONLY_ACTIVE_ARCH = YES;
				SDKROOT = iphoneos;
				SWIFT_ACTIVE_COMPILATION_CONDITIONS = DEBUG;
				SWIFT_OPTIMIZATION_LEVEL = "-Onone";
			};
			name = Debug;
		};
		FFED8ED223D9CC2B00FC938D /* Release */ = {
			isa = XCBuildConfiguration;
			buildSettings = {
				ALWAYS_SEARCH_USER_PATHS = NO;
				CLANG_ANALYZER_NONNULL = YES;
				CLANG_ANALYZER_NUMBER_OBJECT_CONVERSION = YES_AGGRESSIVE;
				CLANG_CXX_LANGUAGE_STANDARD = "gnu++14";
				CLANG_CXX_LIBRARY = "libc++";
				CLANG_ENABLE_MODULES = YES;
				CLANG_ENABLE_OBJC_ARC = YES;
				CLANG_ENABLE_OBJC_WEAK = YES;
				CLANG_WARN_BLOCK_CAPTURE_AUTORELEASING = YES;
				CLANG_WARN_BOOL_CONVERSION = YES;
				CLANG_WARN_COMMA = YES;
				CLANG_WARN_CONSTANT_CONVERSION = YES;
				CLANG_WARN_DEPRECATED_OBJC_IMPLEMENTATIONS = YES;
				CLANG_WARN_DIRECT_OBJC_ISA_USAGE = YES_ERROR;
				CLANG_WARN_DOCUMENTATION_COMMENTS = YES;
				CLANG_WARN_EMPTY_BODY = YES;
				CLANG_WARN_ENUM_CONVERSION = YES;
				CLANG_WARN_INFINITE_RECURSION = YES;
				CLANG_WARN_INT_CONVERSION = YES;
				CLANG_WARN_NON_LITERAL_NULL_CONVERSION = YES;
				CLANG_WARN_OBJC_IMPLICIT_RETAIN_SELF = YES;
				CLANG_WARN_OBJC_LITERAL_CONVERSION = YES;
				CLANG_WARN_OBJC_ROOT_CLASS = YES_ERROR;
				CLANG_WARN_RANGE_LOOP_ANALYSIS = YES;
				CLANG_WARN_STRICT_PROTOTYPES = YES;
				CLANG_WARN_SUSPICIOUS_MOVE = YES;
				CLANG_WARN_UNGUARDED_AVAILABILITY = YES_AGGRESSIVE;
				CLANG_WARN_UNREACHABLE_CODE = YES;
				CLANG_WARN__DUPLICATE_METHOD_MATCH = YES;
				COPY_PHASE_STRIP = NO;
				DEBUG_INFORMATION_FORMAT = "dwarf-with-dsym";
				ENABLE_NS_ASSERTIONS = NO;
				ENABLE_STRICT_OBJC_MSGSEND = YES;
				GCC_C_LANGUAGE_STANDARD = gnu11;
				GCC_NO_COMMON_BLOCKS = YES;
				GCC_WARN_64_TO_32_BIT_CONVERSION = YES;
				GCC_WARN_ABOUT_RETURN_TYPE = YES_ERROR;
				GCC_WARN_UNDECLARED_SELECTOR = YES;
				GCC_WARN_UNINITIALIZED_AUTOS = YES_AGGRESSIVE;
				GCC_WARN_UNUSED_FUNCTION = YES;
				GCC_WARN_UNUSED_VARIABLE = YES;
				IPHONEOS_DEPLOYMENT_TARGET = 13.2;
				MTL_ENABLE_DEBUG_INFO = NO;
				MTL_FAST_MATH = YES;
				SDKROOT = iphoneos;
				SWIFT_COMPILATION_MODE = wholemodule;
				SWIFT_OPTIMIZATION_LEVEL = "-O";
				VALIDATE_PRODUCT = YES;
			};
			name = Release;
		};
		FFED8ED423D9CC2B00FC938D /* Debug */ = {
			isa = XCBuildConfiguration;
			buildSettings = {
				ASSETCATALOG_COMPILER_APPICON_NAME = AppIcon;
				CODE_SIGN_STYLE = Automatic;
				DEVELOPMENT_ASSET_PATHS = "\"Bookworm/Preview Content\"";
				ENABLE_PREVIEWS = YES;
				INFOPLIST_FILE = Bookworm/Info.plist;
				LD_RUNPATH_SEARCH_PATHS = (
					"$(inherited)",
					"@executable_path/Frameworks",
				);
				PRODUCT_BUNDLE_IDENTIFIER = com.times.Bookworm.Bookworm;
				PRODUCT_NAME = "$(TARGET_NAME)";
				SWIFT_VERSION = 5.0;
				TARGETED_DEVICE_FAMILY = "1,2";
			};
			name = Debug;
		};
		FFED8ED523D9CC2B00FC938D /* Release */ = {
			isa = XCBuildConfiguration;
			buildSettings = {
				ASSETCATALOG_COMPILER_APPICON_NAME = AppIcon;
				CODE_SIGN_STYLE = Automatic;
				DEVELOPMENT_ASSET_PATHS = "\"Bookworm/Preview Content\"";
				ENABLE_PREVIEWS = YES;
				INFOPLIST_FILE = Bookworm/Info.plist;
				LD_RUNPATH_SEARCH_PATHS = (
					"$(inherited)",
					"@executable_path/Frameworks",
				);
				PRODUCT_BUNDLE_IDENTIFIER = com.times.Bookworm.Bookworm;
				PRODUCT_NAME = "$(TARGET_NAME)";
				SWIFT_VERSION = 5.0;
				TARGETED_DEVICE_FAMILY = "1,2";
			};
			name = Release;
		};
/* End XCBuildConfiguration section */

/* Begin XCConfigurationList section */
		FFED8EB723D9CC2A00FC938D /* Build configuration list for PBXProject "Bookworm" */ = {
			isa = XCConfigurationList;
			buildConfigurations = (
				FFED8ED123D9CC2B00FC938D /* Debug */,
				FFED8ED223D9CC2B00FC938D /* Release */,
			);
			defaultConfigurationIsVisible = 0;
			defaultConfigurationName = Release;
		};
		FFED8ED323D9CC2B00FC938D /* Build configuration list for PBXNativeTarget "Bookworm" */ = {
			isa = XCConfigurationList;
			buildConfigurations = (
				FFED8ED423D9CC2B00FC938D /* Debug */,
				FFED8ED523D9CC2B00FC938D /* Release */,
			);
			defaultConfigurationIsVisible = 0;
			defaultConfigurationName = Release;
		};
/* End XCConfigurationList section */

/* Begin XCVersionGroup section */
		FFED8EC323D9CC2A00FC938D /* Bookworm.xcdatamodeld */ = {
			isa = XCVersionGroup;
			children = (
				FFED8EC423D9CC2A00FC938D /* Bookworm.xcdatamodel */,
			);
			currentVersion = FFED8EC423D9CC2A00FC938D /* Bookworm.xcdatamodel */;
			path = Bookworm.xcdatamodeld;
			sourceTree = "<group>";
			versionGroupType = wrapper.xcdatamodel;
		};
/* End XCVersionGroup section */
	};
	rootObject = FFED8EB423D9CC2A00FC938D /* Project object */;
}
